
Microsoft Visual Studio Solution File, Format Version 12.00
# Visual Studio 14
VisualStudioVersion = 14.0.25420.1
MinimumVisualStudioVersion = 10.0.40219.1
Project("{F184B08F-C81C-45F6-A57F-5ABD9991F28F}") = "ep4-3", "ep4-3\ep4-3.vbproj", "{97E04C46-03F7-45E6-B503-D3D910CD966E}"
EndProject
Global
	GlobalSection(SolutionConfigurationPlatforms) = preSolution
		Debug|Any CPU = Debug|Any CPU
		Release|Any CPU = Release|Any CPU
	EndGlobalSection
	GlobalSection(ProjectConfigurationPlatforms) = postSolution
		{97E04C46-03F7-45E6-B503-D3D910CD966E}.Debug|Any CPU.ActiveCfg = Debug|Any CPU
		{97E04C46-03F7-45E6-B503-D3D910CD966E}.Debug|Any CPU.Build.0 = Debug|Any CPU
		{97E04C46-03F7-45E6-B503-D3D910CD966E}.Release|Any CPU.ActiveCfg = Release|Any CPU
		{97E04C46-03F7-45E6-B503-D3D910CD966E}.Release|Any CPU.Build.0 = Release|Any CPU
	EndGlobalSection
	GlobalSection(SolutionProperties) = preSolution
		HideSolutionNode = FALSE
	EndGlobalSection
EndGlobal
